
Microsoft Visual Studio Solution File, Format Version 12.00
# Visual Studio 2013
VisualStudioVersion = 12.0.30501.0
MinimumVisualStudioVersion = 10.0.40219.1
Project("{FAE04EC0-301F-11D3-BF4B-00C04F79EFBC}") = "CatTales", "CatTales\CatTales.csproj", "{F400165B-FB5E-4077-B90B-10B765E67135}"
EndProject
Project("{FAE04EC0-301F-11D3-BF4B-00C04F79EFBC}") = "CatTales.Tests", "CatTales.Tests\CatTales.Tests.csproj", "{754F9E91-B66F-40FD-839C-33B13ACBDFC3}"
EndProject
Project("{F088123C-0E9E-452A-89E6-6BA2F21D5CAC}") = "CatTalesModelingProject1", "CatTalesModelingProject1\CatTalesModelingProject1.modelproj", "{CE730AE4-42F7-4625-9FBF-FD39B7CF6F61}"
EndProject
Global
	GlobalSection(SolutionConfigurationPlatforms) = preSolution
		Debug|Any CPU = Debug|Any CPU
		Release|Any CPU = Release|Any CPU
	EndGlobalSection
	GlobalSection(ProjectConfigurationPlatforms) = postSolution
		{F400165B-FB5E-4077-B90B-10B765E67135}.Debug|Any CPU.ActiveCfg = Debug|Any CPU
		{F400165B-FB5E-4077-B90B-10B765E67135}.Debug|Any CPU.Build.0 = Debug|Any CPU
		{F400165B-FB5E-4077-B90B-10B765E67135}.Release|Any CPU.ActiveCfg = Release|Any CPU
		{F400165B-FB5E-4077-B90B-10B765E67135}.Release|Any CPU.Build.0 = Release|Any CPU
		{754F9E91-B66F-40FD-839C-33B13ACBDFC3}.Debug|Any CPU.ActiveCfg = Debug|Any CPU
		{754F9E91-B66F-40FD-839C-33B13ACBDFC3}.Debug|Any CPU.Build.0 = Debug|Any CPU
		{754F9E91-B66F-40FD-839C-33B13ACBDFC3}.Release|Any CPU.ActiveCfg = Release|Any CPU
		{754F9E91-B66F-40FD-839C-33B13ACBDFC3}.Release|Any CPU.Build.0 = Release|Any CPU
		{CE730AE4-42F7-4625-9FBF-FD39B7CF6F61}.Debug|Any CPU.ActiveCfg = Debug|Any CPU
		{CE730AE4-42F7-4625-9FBF-FD39B7CF6F61}.Debug|Any CPU.Build.0 = Debug|Any CPU
		{CE730AE4-42F7-4625-9FBF-FD39B7CF6F61}.Release|Any CPU.ActiveCfg = Release|Any CPU
		{CE730AE4-42F7-4625-9FBF-FD39B7CF6F61}.Release|Any CPU.Build.0 = Release|Any CPU
	EndGlobalSection
	GlobalSection(SolutionProperties) = preSolution
		HideSolutionNode = FALSE
	EndGlobalSection
EndGlobal
